
Microsoft Visual Studio Solution File, Format Version 12.00
# Visual Studio Version 17
VisualStudioVersion = 17.5.33502.453
MinimumVisualStudioVersion = 10.0.40219.1
Project("{2150E333-8FDC-42A3-9474-1A3956D46DE8}") = "Web Api", "Web Api", "{4743BCED-52FD-4EF3-973D-E15849AA9387}"
EndProject
Project("{9A19103F-16F7-4668-BE54-9A1E7A4F7556}") = "NewShore.Api", "NewShore.Api\NewShore.Api.csproj", "{B3595CFC-D767-406D-BCCE-1772C8D8B30C}"
EndProject
Project("{2150E333-8FDC-42A3-9474-1A3956D46DE8}") = "Domain", "Domain", "{9BB14F67-3BB7-46F9-A8F4-1055368006E9}"
EndProject
Project("{9A19103F-16F7-4668-BE54-9A1E7A4F7556}") = "NewShore.Domain", "NewShore.Domain\NewShore.Domain.csproj", "{B1EE6CFC-BB98-4CEE-96AB-E9E56FA64BFB}"
EndProject
Project("{2150E333-8FDC-42A3-9474-1A3956D46DE8}") = "Infrastructure", "Infrastructure", "{84705FE1-415B-48AF-852D-144F7FC649F0}"
EndProject
Project("{9A19103F-16F7-4668-BE54-9A1E7A4F7556}") = "NewShore.Infrastructure", "NewShore.Infrastructure\NewShore.Infrastructure.csproj", "{3D47F38F-0ABC-452F-8259-53B5783F05D0}"
EndProject
Project("{2150E333-8FDC-42A3-9474-1A3956D46DE8}") = "Application", "Application", "{BF5D55BF-B515-43E3-9BDC-7BFF9F5E1B9F}"
EndProject
Project("{FAE04EC0-301F-11D3-BF4B-00C04F79EFBC}") = "NewShore.Application", "NewShore.Application\NewShore.Application.csproj", "{3C22670A-21AE-41CE-BAC1-356BC6097B9A}"
EndProject
Project("{2150E333-8FDC-42A3-9474-1A3956D46DE8}") = "Dtos", "Dtos", "{F3A814C8-8380-49EA-8193-1F9BACE86C99}"
EndProject
Project("{FAE04EC0-301F-11D3-BF4B-00C04F79EFBC}") = "NewShore.Dtos", "NewShore.Dtos\NewShore.Dtos.csproj", "{0B6BDDB4-CF2A-4B0B-90C1-0B02720BE04A}"
EndProject
Global
	GlobalSection(SolutionConfigurationPlatforms) = preSolution
		Debug|Any CPU = Debug|Any CPU
		Release|Any CPU = Release|Any CPU
	EndGlobalSection
	GlobalSection(ProjectConfigurationPlatforms) = postSolution
		{B3595CFC-D767-406D-BCCE-1772C8D8B30C}.Debug|Any CPU.ActiveCfg = Debug|Any CPU
		{B3595CFC-D767-406D-BCCE-1772C8D8B30C}.Debug|Any CPU.Build.0 = Debug|Any CPU
		{B3595CFC-D767-406D-BCCE-1772C8D8B30C}.Release|Any CPU.ActiveCfg = Release|Any CPU
		{B3595CFC-D767-406D-BCCE-1772C8D8B30C}.Release|Any CPU.Build.0 = Release|Any CPU
		{B1EE6CFC-BB98-4CEE-96AB-E9E56FA64BFB}.Debug|Any CPU.ActiveCfg = Debug|Any CPU
		{B1EE6CFC-BB98-4CEE-96AB-E9E56FA64BFB}.Debug|Any CPU.Build.0 = Debug|Any CPU
		{B1EE6CFC-BB98-4CEE-96AB-E9E56FA64BFB}.Release|Any CPU.ActiveCfg = Release|Any CPU
		{B1EE6CFC-BB98-4CEE-96AB-E9E56FA64BFB}.Release|Any CPU.Build.0 = Release|Any CPU
		{3D47F38F-0ABC-452F-8259-53B5783F05D0}.Debug|Any CPU.ActiveCfg = Debug|Any CPU
		{3D47F38F-0ABC-452F-8259-53B5783F05D0}.Debug|Any CPU.Build.0 = Debug|Any CPU
		{3D47F38F-0ABC-452F-8259-53B5783F05D0}.Release|Any CPU.ActiveCfg = Release|Any CPU
		{3D47F38F-0ABC-452F-8259-53B5783F05D0}.Release|Any CPU.Build.0 = Release|Any CPU
		{3C22670A-21AE-41CE-BAC1-356BC6097B9A}.Debug|Any CPU.ActiveCfg = Debug|Any CPU
		{3C22670A-21AE-41CE-BAC1-356BC6097B9A}.Debug|Any CPU.Build.0 = Debug|Any CPU
		{3C22670A-21AE-41CE-BAC1-356BC6097B9A}.Release|Any CPU.ActiveCfg = Release|Any CPU
		{3C22670A-21AE-41CE-BAC1-356BC6097B9A}.Release|Any CPU.Build.0 = Release|Any CPU
		{0B6BDDB4-CF2A-4B0B-90C1-0B02720BE04A}.Debug|Any CPU.ActiveCfg = Debug|Any CPU
		{0B6BDDB4-CF2A-4B0B-90C1-0B02720BE04A}.Debug|Any CPU.Build.0 = Debug|Any CPU
		{0B6BDDB4-CF2A-4B0B-90C1-0B02720BE04A}.Release|Any CPU.ActiveCfg = Release|Any CPU
		{0B6BDDB4-CF2A-4B0B-90C1-0B02720BE04A}.Release|Any CPU.Build.0 = Release|Any CPU
	EndGlobalSection
	GlobalSection(SolutionProperties) = preSolution
		HideSolutionNode = FALSE
	EndGlobalSection
	GlobalSection(NestedProjects) = preSolution
		{B3595CFC-D767-406D-BCCE-1772C8D8B30C} = {4743BCED-52FD-4EF3-973D-E15849AA9387}
		{B1EE6CFC-BB98-4CEE-96AB-E9E56FA64BFB} = {9BB14F67-3BB7-46F9-A8F4-1055368006E9}
		{3D47F38F-0ABC-452F-8259-53B5783F05D0} = {84705FE1-415B-48AF-852D-144F7FC649F0}
		{3C22670A-21AE-41CE-BAC1-356BC6097B9A} = {BF5D55BF-B515-43E3-9BDC-7BFF9F5E1B9F}
		{0B6BDDB4-CF2A-4B0B-90C1-0B02720BE04A} = {F3A814C8-8380-49EA-8193-1F9BACE86C99}
	EndGlobalSection
	GlobalSection(ExtensibilityGlobals) = postSolution
		SolutionGuid = {BB917F40-F4ED-4F4D-B43E-3C1334268783}
	EndGlobalSection
EndGlobal
